
Microsoft Visual Studio Solution File, Format Version 12.00
# Visual Studio Version 17
VisualStudioVersion = 17.8.34525.116
MinimumVisualStudioVersion = 10.0.40219.1
Project("{9A19103F-16F7-4668-BE54-9A1E7A4F7556}") = "leetcode-blind75-solutions-csharp", "leetcode-blind75-solutions-csharp\leetcode-blind75-solutions-csharp.csproj", "{FC9A2839-B564-4967-82C3-168878AADB7A}"
EndProject
Project("{FAE04EC0-301F-11D3-BF4B-00C04F79EFBC}") = "leetcode-blind75-solutions-csharpTests", "leetcode-blind75-solutions-csharpTests\leetcode-blind75-solutions-csharpTests.csproj", "{1CC83C71-C964-4939-97B4-4CFC38B2CD02}"
EndProject
Global
	GlobalSection(SolutionConfigurationPlatforms) = preSolution
		Debug|Any CPU = Debug|Any CPU
		Release|Any CPU = Release|Any CPU
	EndGlobalSection
	GlobalSection(ProjectConfigurationPlatforms) = postSolution
		{FC9A2839-B564-4967-82C3-168878AADB7A}.Debug|Any CPU.ActiveCfg = Debug|Any CPU
		{FC9A2839-B564-4967-82C3-168878AADB7A}.Debug|Any CPU.Build.0 = Debug|Any CPU
		{FC9A2839-B564-4967-82C3-168878AADB7A}.Release|Any CPU.ActiveCfg = Release|Any CPU
		{FC9A2839-B564-4967-82C3-168878AADB7A}.Release|Any CPU.Build.0 = Release|Any CPU
		{1CC83C71-C964-4939-97B4-4CFC38B2CD02}.Debug|Any CPU.ActiveCfg = Debug|Any CPU
		{1CC83C71-C964-4939-97B4-4CFC38B2CD02}.Debug|Any CPU.Build.0 = Debug|Any CPU
		{1CC83C71-C964-4939-97B4-4CFC38B2CD02}.Release|Any CPU.ActiveCfg = Release|Any CPU
		{1CC83C71-C964-4939-97B4-4CFC38B2CD02}.Release|Any CPU.Build.0 = Release|Any CPU
	EndGlobalSection
	GlobalSection(SolutionProperties) = preSolution
		HideSolutionNode = FALSE
	EndGlobalSection
	GlobalSection(ExtensibilityGlobals) = postSolution
		SolutionGuid = {FAECB974-47EB-485D-9E56-9C78104DE7DD}
	EndGlobalSection
EndGlobal
